
Microsoft Visual Studio Solution File, Format Version 12.00
# Visual Studio Version 17
VisualStudioVersion = 17.4.33205.214
MinimumVisualStudioVersion = 10.0.40219.1
Project("{FAE04EC0-301F-11D3-BF4B-00C04F79EFBC}") = "ContactsAPI", "ContactsAPI\ContactsAPI.csproj", "{AD544586-C4B5-4403-AACB-6EF411DC212E}"
EndProject
Global
	GlobalSection(SolutionConfigurationPlatforms) = preSolution
		Debug|Any CPU = Debug|Any CPU
		Release|Any CPU = Release|Any CPU
	EndGlobalSection
	GlobalSection(ProjectConfigurationPlatforms) = postSolution
		{AD544586-C4B5-4403-AACB-6EF411DC212E}.Debug|Any CPU.ActiveCfg = Debug|Any CPU
		{AD544586-C4B5-4403-AACB-6EF411DC212E}.Debug|Any CPU.Build.0 = Debug|Any CPU
		{AD544586-C4B5-4403-AACB-6EF411DC212E}.Release|Any CPU.ActiveCfg = Release|Any CPU
		{AD544586-C4B5-4403-AACB-6EF411DC212E}.Release|Any CPU.Build.0 = Release|Any CPU
	EndGlobalSection
	GlobalSection(SolutionProperties) = preSolution
		HideSolutionNode = FALSE
	EndGlobalSection
	GlobalSection(ExtensibilityGlobals) = postSolution
		SolutionGuid = {E257940A-87A2-47CB-9234-48853E704568}
	EndGlobalSection
EndGlobal
